
Microsoft Visual Studio Solution File, Format Version 12.00
# Visual Studio 14
VisualStudioVersion = 14.0.25420.1
MinimumVisualStudioVersion = 10.0.40219.1
Project("{F2A71F9B-5D33-465A-A702-920D77279786}") = "Fake.Dotnet", "src\Fake.Dotnet\Fake.Dotnet.fsproj", "{CDA30129-14F6-444B-80B0-E8E608716570}"
EndProject
Project("{2150E333-8FDC-42A3-9474-1A3956D46DE8}") = "Samples", "Samples", "{3FEB1C41-738B-4838-80AB-805BB8042FA5}"
EndProject
Project("{2150E333-8FDC-42A3-9474-1A3956D46DE8}") = "Sdk101", "Sdk101", "{67225641-7420-4E86-B7E7-8F75C963F535}"
	ProjectSection(SolutionItems) = preProject
		samples\NetCoreSdk101\scripts\build.fsx = samples\NetCoreSdk101\scripts\build.fsx
	EndProjectSection
EndProject
Global
	GlobalSection(SolutionConfigurationPlatforms) = preSolution
		Debug|Any CPU = Debug|Any CPU
		Release|Any CPU = Release|Any CPU
	EndGlobalSection
	GlobalSection(ProjectConfigurationPlatforms) = postSolution
		{CDA30129-14F6-444B-80B0-E8E608716570}.Debug|Any CPU.ActiveCfg = Debug|Any CPU
		{CDA30129-14F6-444B-80B0-E8E608716570}.Debug|Any CPU.Build.0 = Debug|Any CPU
		{CDA30129-14F6-444B-80B0-E8E608716570}.Release|Any CPU.ActiveCfg = Release|Any CPU
		{CDA30129-14F6-444B-80B0-E8E608716570}.Release|Any CPU.Build.0 = Release|Any CPU
	EndGlobalSection
	GlobalSection(SolutionProperties) = preSolution
		HideSolutionNode = FALSE
	EndGlobalSection
	GlobalSection(NestedProjects) = preSolution
		{67225641-7420-4E86-B7E7-8F75C963F535} = {3FEB1C41-738B-4838-80AB-805BB8042FA5}
	EndGlobalSection
EndGlobal
